
Microsoft Visual Studio Solution File, Format Version 12.00
# Visual Studio Version 16
VisualStudioVersion = 16.0.28407.52
MinimumVisualStudioVersion = 10.0.40219.1
Project("{9A19103F-16F7-4668-BE54-9A1E7A4F7556}") = "leetcodesln", "leetcodesln\leetcodesln.csproj", "{346503D3-B160-40D0-BFC5-381322983FD7}"
EndProject
Project("{9A19103F-16F7-4668-BE54-9A1E7A4F7556}") = "leetcodesln_test", "leetcodesln_test\leetcodesln_test.csproj", "{4FA63EF5-1AAC-4046-AB92-BF8EEBF8519A}"
EndProject
Global
	GlobalSection(SolutionConfigurationPlatforms) = preSolution
		Debug|Any CPU = Debug|Any CPU
		Release|Any CPU = Release|Any CPU
	EndGlobalSection
	GlobalSection(ProjectConfigurationPlatforms) = postSolution
		{346503D3-B160-40D0-BFC5-381322983FD7}.Debug|Any CPU.ActiveCfg = Debug|Any CPU
		{346503D3-B160-40D0-BFC5-381322983FD7}.Debug|Any CPU.Build.0 = Debug|Any CPU
		{346503D3-B160-40D0-BFC5-381322983FD7}.Release|Any CPU.ActiveCfg = Release|Any CPU
		{346503D3-B160-40D0-BFC5-381322983FD7}.Release|Any CPU.Build.0 = Release|Any CPU
		{4FA63EF5-1AAC-4046-AB92-BF8EEBF8519A}.Debug|Any CPU.ActiveCfg = Debug|Any CPU
		{4FA63EF5-1AAC-4046-AB92-BF8EEBF8519A}.Debug|Any CPU.Build.0 = Debug|Any CPU
		{4FA63EF5-1AAC-4046-AB92-BF8EEBF8519A}.Release|Any CPU.ActiveCfg = Release|Any CPU
		{4FA63EF5-1AAC-4046-AB92-BF8EEBF8519A}.Release|Any CPU.Build.0 = Release|Any CPU
	EndGlobalSection
	GlobalSection(SolutionProperties) = preSolution
		HideSolutionNode = FALSE
	EndGlobalSection
	GlobalSection(ExtensibilityGlobals) = postSolution
		SolutionGuid = {21902994-F3EC-438D-BD43-6983FBEE2C18}
	EndGlobalSection
EndGlobal
